
Microsoft Visual Studio Solution File, Format Version 12.00
# Visual Studio Version 16
VisualStudioVersion = 16.0.32228.343
MinimumVisualStudioVersion = 10.0.40219.1
Project("{8BC9CEB8-8B4A-11D0-8D11-00A0C91BC942}") = "velocity-cli", "velocity-cli.vcxproj", "{D852B31F-35B7-4842-99DD-1E72E33696CE}"
EndProject
Global
	GlobalSection(SolutionConfigurationPlatforms) = preSolution
		Debug|x64 = Debug|x64
		Debug|x86 = Debug|x86
		Release|x64 = Release|x64
		Release|x86 = Release|x86
	EndGlobalSection
	GlobalSection(ProjectConfigurationPlatforms) = postSolution
		{D852B31F-35B7-4842-99DD-1E72E33696CE}.Debug|x64.ActiveCfg = Debug|x64
		{D852B31F-35B7-4842-99DD-1E72E33696CE}.Debug|x64.Build.0 = Debug|x64
		{D852B31F-35B7-4842-99DD-1E72E33696CE}.Debug|x86.ActiveCfg = Debug|Win32
		{D852B31F-35B7-4842-99DD-1E72E33696CE}.Debug|x86.Build.0 = Debug|Win32
		{D852B31F-35B7-4842-99DD-1E72E33696CE}.Release|x64.ActiveCfg = Release|x64
		{D852B31F-35B7-4842-99DD-1E72E33696CE}.Release|x64.Build.0 = Release|x64
		{D852B31F-35B7-4842-99DD-1E72E33696CE}.Release|x86.ActiveCfg = Release|Win32
		{D852B31F-35B7-4842-99DD-1E72E33696CE}.Release|x86.Build.0 = Release|Win32
	EndGlobalSection
	GlobalSection(SolutionProperties) = preSolution
		HideSolutionNode = FALSE
	EndGlobalSection
	GlobalSection(ExtensibilityGlobals) = postSolution
		SolutionGuid = {7D5D2577-310A-45A2-931A-23FC8978BA6B}
	EndGlobalSection
EndGlobal
